
Microsoft Visual Studio Solution File, Format Version 12.00
# Visual Studio 2013
VisualStudioVersion = 12.0.31101.0
MinimumVisualStudioVersion = 10.0.40219.1
Project("{9092AA53-FB77-4645-B42D-1CCCA6BD08BD}") = "wireup", "wireup.njsproj", "{E21A03E3-7545-400A-8D69-2BB9B3B4938A}"
EndProject
Global
	GlobalSection(SolutionConfigurationPlatforms) = preSolution
		Debug|Any CPU = Debug|Any CPU
		Release|Any CPU = Release|Any CPU
	EndGlobalSection
	GlobalSection(ProjectConfigurationPlatforms) = postSolution
		{E21A03E3-7545-400A-8D69-2BB9B3B4938A}.Debug|Any CPU.ActiveCfg = Debug|Any CPU
		{E21A03E3-7545-400A-8D69-2BB9B3B4938A}.Debug|Any CPU.Build.0 = Debug|Any CPU
		{E21A03E3-7545-400A-8D69-2BB9B3B4938A}.Release|Any CPU.ActiveCfg = Release|Any CPU
		{E21A03E3-7545-400A-8D69-2BB9B3B4938A}.Release|Any CPU.Build.0 = Release|Any CPU
	EndGlobalSection
	GlobalSection(SolutionProperties) = preSolution
		HideSolutionNode = FALSE
	EndGlobalSection
EndGlobal
